# This file is automatically @generated by Cargo.
# It is not intended for manual editing.
[[package]]
name = "arrayvec"
version = "0.4.10"
source = "registry+https://github.com/rust-lang/crates.io-index"
dependencies = [
 "nodrop 0.1.13 (registry+https://github.com/rust-lang/crates.io-index)",
]

[[package]]
name = "kurbo"
version = "0.2.2"
source = "registry+https://github.com/rust-lang/crates.io-index"
dependencies = [
 "arrayvec 0.4.10 (registry+https://github.com/rust-lang/crates.io-index)",
]

[[package]]
name = "nodrop"
version = "0.1.13"
source = "registry+https://github.com/rust-lang/crates.io-index"

[[package]]
name = "piet-metal"
version = "0.0.0"
dependencies = [
 "kurbo 0.2.2 (registry+https://github.com/rust-lang/crates.io-index)",
 "roxmltree 0.6.0 (registry+https://github.com/rust-lang/crates.io-index)",
]

[[package]]
name = "roxmltree"
version = "0.6.0"
source = "registry+https://github.com/rust-lang/crates.io-index"
dependencies = [
 "xmlparser 0.9.0 (registry+https://github.com/rust-lang/crates.io-index)",
]

[[package]]
name = "xmlparser"
version = "0.9.0"
source = "registry+https://github.com/rust-lang/crates.io-index"

[metadata]
"checksum arrayvec 0.4.10 (registry+https://github.com/rust-lang/crates.io-index)" = "92c7fb76bc8826a8b33b4ee5bb07a247a81e76764ab4d55e8f73e3a4d8808c71"
"checksum kurbo 0.2.2 (registry+https://github.com/rust-lang/crates.io-index)" = "579b47bb5a9e87b84c7f8ac3d267ece79a438f460054706bcc350ccab7d14836"
"checksum nodrop 0.1.13 (registry+https://github.com/rust-lang/crates.io-index)" = "2f9667ddcc6cc8a43afc9b7917599d7216aa09c463919ea32c59ed6cac8bc945"
"checksum roxmltree 0.6.0 (registry+https://github.com/rust-lang/crates.io-index)" = "53b0200cbfa8b3f6cfd6076592717d697a1ddc57cb2a8fbfd3d133c06011b579"
"checksum xmlparser 0.9.0 (registry+https://github.com/rust-lang/crates.io-index)" = "ecec95f00fb0ff019153e64ea520f87d1409769db3e8f4db3ea588638a3e1cee"
